// !$*UTF8*$!
{
	archiveVersion = 1;
	classes = {
	};
	objectVersion = 54;
	objects = {

/* Begin PBXBuildFile section */
		0C80B921A6F3F58F76C31292 /* libPods-ReactNativePharmaScanner.a in Frameworks */ = {isa = PBXBuildFile; fileRef = 5DCACB8F33CDC322A6C60F78 /* libPods-ReactNativePharmaScanner.a */; };
		13B07FBF1A68108700A75B9A /* Images.xcassets in Resources */ = {isa = PBXBuildFile; fileRef = 13B07FB51A68108700A75B9A /* Images.xcassets */; };
		2656F9011B78705BCDB9C491 /* Func_void_DocumentExtractionResult.swift in Sources */ = {isa = PBXBuildFile; fileRef = D8A716E113414FA5DEA3CC16 /* Func_void_DocumentExtractionResult.swift */; };
		5BAD769388735C897E08C1E5 /* DocumentExtractor.swift in Sources */ = {isa = PBXBuildFile; fileRef = 73974AB6D34BEF6F688447FE /* DocumentExtractor.swift */; };
		5BAD769388735C897E08C1E6 /* DocumentOcrProcessor.swift in Sources */ = {isa = PBXBuildFile; fileRef = 73974AB6D34BEF6F688447FF /* DocumentOcrProcessor.swift */; };
		5E47F938C0AF9B3C498B6449 /* ExtractionOptions.swift in Sources */ = {isa = PBXBuildFile; fileRef = 707302FAD77FFB83376B730C /* ExtractionOptions.swift */; };
		761780ED2CA45674006654EE /* AppDelegate.swift in Sources */ = {isa = PBXBuildFile; fileRef = 761780EC2CA45674006654EE /* AppDelegate.swift */; };
		81AB9BB82411601600AC10FF /* LaunchScreen.storyboard in Resources */ = {isa = PBXBuildFile; fileRef = 81AB9BB72411601600AC10FF /* LaunchScreen.storyboard */; };
		837FA17898A26C51EF4E61BA /* PrivacyInfo.xcprivacy in Resources */ = {isa = PBXBuildFile; fileRef = 13B07FB81A68108700A75B9A /* PrivacyInfo.xcprivacy */; };
		954C5B9873C069F358E8A7B8 /* LlamaCppManager.swift in Sources */ = {isa = PBXBuildFile; fileRef = 20636B26A9D77C0855547E2E /* LlamaCppManager.swift */; };
		B4FA82798F0DAC1B3250398A /* DocumentExtractionResult.swift in Sources */ = {isa = PBXBuildFile; fileRef = 86DEBCA17B7BFC8E1094DFE7 /* DocumentExtractionResult.swift */; };
		DCCCCECFA7583C4B32BB2F50 /* llama.xcframework in Embed Frameworks */ = {isa = PBXBuildFile; fileRef = 7AD78BD8C712D41EC7128809 /* llama.xcframework */; settings = {ATTRIBUTES = (CodeSignOnCopy, ); }; };
		F4D3F845A0497DC036905F32 /* llama.xcframework in Frameworks */ = {isa = PBXBuildFile; fileRef = 7AD78BD8C712D41EC7128809 /* llama.xcframework */; };
		FA000001200000000000AA01 /* CapturedImage.swift in Sources */ = {isa = PBXBuildFile; fileRef = FA000001200000000000BB01 /* CapturedImage.swift */; };
		FA000001200000000000AA02 /* FlashMode.swift in Sources */ = {isa = PBXBuildFile; fileRef = FA000001200000000000BB02 /* FlashMode.swift */; };
		FA000001200000000000AA03 /* Func_void_CapturedImage.swift in Sources */ = {isa = PBXBuildFile; fileRef = FA000001200000000000BB03 /* Func_void_CapturedImage.swift */; };
		FA000001200000000000AA04 /* Func_void_std__exception_ptr.swift in Sources */ = {isa = PBXBuildFile; fileRef = FA000001200000000000BB04 /* Func_void_std__exception_ptr.swift */; };
		FA000001200000000000AA09 /* CapturedImage.kt in Resources */ = {isa = PBXBuildFile; fileRef = FA000001200000000000BB09 /* CapturedImage.kt */; };
		FA000001200000000000AA10 /* FlashMode.kt in Resources */ = {isa = PBXBuildFile; fileRef = FA000001200000000000BB10 /* FlashMode.kt */; };
		FA300001300000000000AA01 /* DocumentDetector.swift in Sources */ = {isa = PBXBuildFile; fileRef = FA300001300000000000BB01 /* DocumentDetector.swift */; };
		FA300001300000000000AA02 /* ImageProcessor.swift in Sources */ = {isa = PBXBuildFile; fileRef = FA300001300000000000BB02 /* ImageProcessor.swift */; };
		FA300001300000000000AA03 /* Point.swift in Sources */ = {isa = PBXBuildFile; fileRef = FA300001300000000000BB03 /* Point.swift */; };
		FA300001300000000000AA04 /* Corners.swift in Sources */ = {isa = PBXBuildFile; fileRef = FA300001300000000000BB04 /* Corners.swift */; };
		FA300001300000000000AA05 /* DocumentDetection.swift in Sources */ = {isa = PBXBuildFile; fileRef = FA300001300000000000BB05 /* DocumentDetection.swift */; };
		FA300001300000000000AA06 /* Func_void_DocumentDetection.swift in Sources */ = {isa = PBXBuildFile; fileRef = FA300001300000000000BB06 /* Func_void_DocumentDetection.swift */; };
		FA400001400000000000AA01 /* BarcodeScanner.swift in Sources */ = {isa = PBXBuildFile; fileRef = FA400001400000000000BB01 /* BarcodeScanner.swift */; };
		FA400001400000000000AA02 /* BarcodeFormat.swift in Sources */ = {isa = PBXBuildFile; fileRef = FA400001400000000000BB02 /* BarcodeFormat.swift */; };
		FA400001400000000000AA03 /* BarcodeResult.swift in Sources */ = {isa = PBXBuildFile; fileRef = FA400001400000000000BB03 /* BarcodeResult.swift */; };
		FA400001400000000000AA04 /* BarcodeScanOptions.swift in Sources */ = {isa = PBXBuildFile; fileRef = FA400001400000000000BB04 /* BarcodeScanOptions.swift */; };
		FA400001400000000000AA05 /* FrameRect.swift in Sources */ = {isa = PBXBuildFile; fileRef = FA400001400000000000BB05 /* FrameRect.swift */; };
		FA400001400000000000AA06 /* Func_void_std__vector_BarcodeResult_.swift in Sources */ = {isa = PBXBuildFile; fileRef = FA400001400000000000BB06 /* Func_void_std__vector_BarcodeResult_.swift */; };
		FA400001400000000000AA07 /* Func_void_std__vector_CapturedImage_.swift in Sources */ = {isa = PBXBuildFile; fileRef = FA400001400000000000BB07 /* Func_void_std__vector_CapturedImage_.swift */; };
		FA500001500000000000AA01 /* OcrProcessor.swift in Sources */ = {isa = PBXBuildFile; fileRef = FA500001500000000000BB01 /* OcrProcessor.swift */; };
		FA500001500000000000AA02 /* OcrResult.swift in Sources */ = {isa = PBXBuildFile; fileRef = FA500001500000000000BB02 /* OcrResult.swift */; };
		FA500001500000000000AA03 /* TextBlock.swift in Sources */ = {isa = PBXBuildFile; fileRef = FA500001500000000000BB03 /* TextBlock.swift */; };
		FA500001500000000000AA04 /* TextLine.swift in Sources */ = {isa = PBXBuildFile; fileRef = FA500001500000000000BB04 /* TextLine.swift */; };
		FA500001500000000000AA05 /* TextElement.swift in Sources */ = {isa = PBXBuildFile; fileRef = FA500001500000000000BB05 /* TextElement.swift */; };
		FA500001500000000000AA06 /* Func_void_OcrResult.swift in Sources */ = {isa = PBXBuildFile; fileRef = FA500001500000000000BB06 /* Func_void_OcrResult.swift */; };
		FA600001600000000000AA01 /* DocumentScannerManager.swift in Sources */ = {isa = PBXBuildFile; fileRef = FA600001600000000000BB01 /* DocumentScannerManager.swift */; };
		FACDFC1A2FBEF19000A271C5 /* .gitattributes in Resources */ = {isa = PBXBuildFile; fileRef = FACDFC172FBEF19000A271C5 /* .gitattributes */; };
		FACDFC1B2FBEF19000A271C5 /* PharmaScannerCxxOnLoad.kt in Resources */ = {isa = PBXBuildFile; fileRef = FACDFBFB2FBEF19000A271C5 /* PharmaScannerCxxOnLoad.kt */; };
		FACDFC1C2FBEF19000A271C5 /* ReactNativePharmaScanner+autolinking.rb in Resources */ = {isa = PBXBuildFile; fileRef = FACDFC0F2FBEF19000A271C5 /* ReactNativePharmaScanner+autolinking.rb */; };
		FACDFC1D2FBEF19000A271C5 /* PharmaScannerCxx+autolinking.cmake in Resources */ = {isa = PBXBuildFile; fileRef = FACDFC012FBEF19000A271C5 /* PharmaScannerCxx+autolinking.cmake */; };
		FACDFC1E2FBEF19000A271C5 /* PharmaScannerCxx+autolinking.gradle in Resources */ = {isa = PBXBuildFile; fileRef = FACDFC022FBEF19000A271C5 /* PharmaScannerCxx+autolinking.gradle */; };
		FACDFC1F2FBEF19000A271C5 /* HybridPharmaScannerSpec.kt in Resources */ = {isa = PBXBuildFile; fileRef = FACDFBFA2FBEF19000A271C5 /* HybridPharmaScannerSpec.kt */; };
		FACDFC202FBEF19000A271C5 /* HybridPharmaScannerSpec.cpp in Sources */ = {isa = PBXBuildFile; fileRef = FACDFC142FBEF19000A271C5 /* HybridPharmaScannerSpec.cpp */; };
		FACDFC212FBEF19000A271C5 /* ReactNativePharmaScannerAutolinking.swift in Sources */ = {isa = PBXBuildFile; fileRef = FACDFC112FBEF19000A271C5 /* ReactNativePharmaScannerAutolinking.swift */; };
		FACDFC242FBEF19000A271C5 /* HybridPharmaScannerSpec_cxx.swift in Sources */ = {isa = PBXBuildFile; fileRef = FACDFC0A2FBEF19000A271C5 /* HybridPharmaScannerSpec_cxx.swift */; };
		FACDFC252FBEF19000A271C5 /* ReactNativePharmaScannerAutolinking.mm in Sources */ = {isa = PBXBuildFile; fileRef = FACDFC102FBEF19000A271C5 /* ReactNativePharmaScannerAutolinking.mm */; };
		FACDFC262FBEF19000A271C5 /* HybridPharmaScannerSpec.swift in Sources */ = {isa = PBXBuildFile; fileRef = FACDFC092FBEF19000A271C5 /* HybridPharmaScannerSpec.swift */; };
		FACDFC272FBEF19000A271C5 /* ReactNativePharmaScanner-Swift-Cxx-Bridge.cpp in Sources */ = {isa = PBXBuildFile; fileRef = FACDFC0D2FBEF19000A271C5 /* ReactNativePharmaScanner-Swift-Cxx-Bridge.cpp */; };
		FACDFC282FBEF19000A271C5 /* HybridPharmaScannerSpecSwift.cpp in Sources */ = {isa = PBXBuildFile; fileRef = FACDFC072FBEF19000A271C5 /* HybridPharmaScannerSpecSwift.cpp */; };
		FACDFC2A2FBEF2F700A271C5 /* HybridPharmaScanner.swift in Sources */ = {isa = PBXBuildFile; fileRef = FACDFC292FBEF2F700A271C5 /* HybridPharmaScanner.swift */; };
		FACDFC2C2FBF048300A271C5 /* CameraManager.swift in Sources */ = {isa = PBXBuildFile; fileRef = FACDFC2B2FBF048300A271C5 /* CameraManager.swift */; };
		FACDFC2E2FBF048C00A271C5 /* PharmaScannerCameraView.swift in Sources */ = {isa = PBXBuildFile; fileRef = FACDFC2D2FBF048C00A271C5 /* PharmaScannerCameraView.swift */; };
		FACDFC302FBF049600A271C5 /* PharmaScannerCameraViewManager.m in Sources */ = {isa = PBXBuildFile; fileRef = FACDFC2F2FBF049600A271C5 /* PharmaScannerCameraViewManager.m */; };
		FACDFC322FBF049A00A271C5 /* PharmaScannerCameraViewManager.swift in Sources */ = {isa = PBXBuildFile; fileRef = FACDFC312FBF049A00A271C5 /* PharmaScannerCameraViewManager.swift */; };
/* End PBXBuildFile section */

/* Begin PBXCopyFilesBuildPhase section */
		F2E5F79FEE6484AABE85DA8F /* Embed Frameworks */ = {
			isa = PBXCopyFilesBuildPhase;
			buildActionMask = 2147483647;
			dstPath = "";
			dstSubfolderSpec = 10;
			files = (
				DCCCCECFA7583C4B32BB2F50 /* llama.xcframework in Embed Frameworks */,
			);
			name = "Embed Frameworks";
			runOnlyForDeploymentPostprocessing = 0;
		};
/* End PBXCopyFilesBuildPhase section */

/* Begin PBXFileReference section */
		13B07F961A680F5B00A75B9A /* ReactNativePharmaScanner.app */ = {isa = PBXFileReference; explicitFileType = wrapper.application; includeInIndex = 0; path = ReactNativePharmaScanner.app; sourceTree = BUILT_PRODUCTS_DIR; };
		13B07FB51A68108700A75B9A /* Images.xcassets */ = {isa = PBXFileReference; lastKnownFileType = folder.assetcatalog; name = Images.xcassets; path = ReactNativePharmaScanner/Images.xcassets; sourceTree = "<group>"; };
		13B07FB61A68108700A75B9A /* Info.plist */ = {isa = PBXFileReference; fileEncoding = 4; lastKnownFileType = text.plist.xml; name = Info.plist; path = ReactNativePharmaScanner/Info.plist; sourceTree = "<group>"; };
		13B07FB81A68108700A75B9A /* PrivacyInfo.xcprivacy */ = {isa = PBXFileReference; fileEncoding = 4; lastKnownFileType = text.plist.xml; name = PrivacyInfo.xcprivacy; path = ReactNativePharmaScanner/PrivacyInfo.xcprivacy; sourceTree = "<group>"; };
		20636B26A9D77C0855547E2E /* LlamaCppManager.swift */ = {isa = PBXFileReference; includeInIndex = 1; lastKnownFileType = sourcecode.swift; path = LlamaCppManager.swift; sourceTree = "<group>"; };
		3B4392A12AC88292D35C810B /* Pods-ReactNativePharmaScanner.debug.xcconfig */ = {isa = PBXFileReference; includeInIndex = 1; lastKnownFileType = text.xcconfig; name = "Pods-ReactNativePharmaScanner.debug.xcconfig"; path = "Target Support Files/Pods-ReactNativePharmaScanner/Pods-ReactNativePharmaScanner.debug.xcconfig"; sourceTree = "<group>"; };
		5709B34CF0A7D63546082F79 /* Pods-ReactNativePharmaScanner.release.xcconfig */ = {isa = PBXFileReference; includeInIndex = 1; lastKnownFileType = text.xcconfig; name = "Pods-ReactNativePharmaScanner.release.xcconfig"; path = "Target Support Files/Pods-ReactNativePharmaScanner/Pods-ReactNativePharmaScanner.release.xcconfig"; sourceTree = "<group>"; };
		5DCACB8F33CDC322A6C60F78 /* libPods-ReactNativePharmaScanner.a */ = {isa = PBXFileReference; explicitFileType = archive.ar; includeInIndex = 0; path = "libPods-ReactNativePharmaScanner.a"; sourceTree = BUILT_PRODUCTS_DIR; };
		707302FAD77FFB83376B730C /* ExtractionOptions.swift */ = {isa = PBXFileReference; includeInIndex = 1; lastKnownFileType = sourcecode.swift; path = ExtractionOptions.swift; sourceTree = "<group>"; };
		73974AB6D34BEF6F688447FE /* DocumentExtractor.swift */ = {isa = PBXFileReference; includeInIndex = 1; lastKnownFileType = sourcecode.swift; path = DocumentExtractor.swift; sourceTree = "<group>"; };
		73974AB6D34BEF6F688447FF /* DocumentOcrProcessor.swift */ = {isa = PBXFileReference; includeInIndex = 1; lastKnownFileType = sourcecode.swift; path = DocumentOcrProcessor.swift; sourceTree = "<group>"; };
		761780EC2CA45674006654EE /* AppDelegate.swift */ = {isa = PBXFileReference; lastKnownFileType = sourcecode.swift; name = AppDelegate.swift; path = ReactNativePharmaScanner/AppDelegate.swift; sourceTree = "<group>"; };
		7AD78BD8C712D41EC7128809 /* llama.xcframework */ = {isa = PBXFileReference; includeInIndex = 1; path = llama.xcframework; sourceTree = "<group>"; };
		81AB9BB72411601600AC10FF /* LaunchScreen.storyboard */ = {isa = PBXFileReference; fileEncoding = 4; lastKnownFileType = file.storyboard; name = LaunchScreen.storyboard; path = ReactNativePharmaScanner/LaunchScreen.storyboard; sourceTree = "<group>"; };
		86DEBCA17B7BFC8E1094DFE7 /* DocumentExtractionResult.swift */ = {isa = PBXFileReference; includeInIndex = 1; lastKnownFileType = sourcecode.swift; path = DocumentExtractionResult.swift; sourceTree = "<group>"; };
		D8A716E113414FA5DEA3CC16 /* Func_void_DocumentExtractionResult.swift */ = {isa = PBXFileReference; includeInIndex = 1; lastKnownFileType = sourcecode.swift; path = Func_void_DocumentExtractionResult.swift; sourceTree = "<group>"; };
		ED297162215061F000B7C4FE /* JavaScriptCore.framework */ = {isa = PBXFileReference; lastKnownFileType = wrapper.framework; name = JavaScriptCore.framework; path = System/Library/Frameworks/JavaScriptCore.framework; sourceTree = SDKROOT; };
		FA000001200000000000BB01 /* CapturedImage.swift */ = {isa = PBXFileReference; lastKnownFileType = sourcecode.swift; path = CapturedImage.swift; sourceTree = "<group>"; };
		FA000001200000000000BB02 /* FlashMode.swift */ = {isa = PBXFileReference; lastKnownFileType = sourcecode.swift; path = FlashMode.swift; sourceTree = "<group>"; };
		FA000001200000000000BB03 /* Func_void_CapturedImage.swift */ = {isa = PBXFileReference; lastKnownFileType = sourcecode.swift; path = Func_void_CapturedImage.swift; sourceTree = "<group>"; };
		FA000001200000000000BB04 /* Func_void_std__exception_ptr.swift */ = {isa = PBXFileReference; lastKnownFileType = sourcecode.swift; path = Func_void_std__exception_ptr.swift; sourceTree = "<group>"; };
		FA000001200000000000BB05 /* CapturedImage.hpp */ = {isa = PBXFileReference; lastKnownFileType = sourcecode.cpp.h; path = CapturedImage.hpp; sourceTree = "<group>"; };
		FA000001200000000000BB06 /* FlashMode.hpp */ = {isa = PBXFileReference; lastKnownFileType = sourcecode.cpp.h; path = FlashMode.hpp; sourceTree = "<group>"; };
		FA000001200000000000BB07 /* JCapturedImage.hpp */ = {isa = PBXFileReference; lastKnownFileType = sourcecode.cpp.h; path = JCapturedImage.hpp; sourceTree = "<group>"; };
		FA000001200000000000BB08 /* JFlashMode.hpp */ = {isa = PBXFileReference; lastKnownFileType = sourcecode.cpp.h; path = JFlashMode.hpp; sourceTree = "<group>"; };
		FA000001200000000000BB09 /* CapturedImage.kt */ = {isa = PBXFileReference; lastKnownFileType = text; path = CapturedImage.kt; sourceTree = "<group>"; };
		FA000001200000000000BB10 /* FlashMode.kt */ = {isa = PBXFileReference; lastKnownFileType = text; path = FlashMode.kt; sourceTree = "<group>"; };
		FA300001300000000000BB01 /* DocumentDetector.swift */ = {isa = PBXFileReference; lastKnownFileType = sourcecode.swift; path = DocumentDetector.swift; sourceTree = "<group>"; };
		FA300001300000000000BB02 /* ImageProcessor.swift */ = {isa = PBXFileReference; lastKnownFileType = sourcecode.swift; path = ImageProcessor.swift; sourceTree = "<group>"; };
		FA300001300000000000BB03 /* Point.swift */ = {isa = PBXFileReference; lastKnownFileType = sourcecode.swift; path = Point.swift; sourceTree = "<group>"; };
		FA300001300000000000BB04 /* Corners.swift */ = {isa = PBXFileReference; lastKnownFileType = sourcecode.swift; path = Corners.swift; sourceTree = "<group>"; };
		FA300001300000000000BB05 /* DocumentDetection.swift */ = {isa = PBXFileReference; lastKnownFileType = sourcecode.swift; path = DocumentDetection.swift; sourceTree = "<group>"; };
		FA300001300000000000BB06 /* Func_void_DocumentDetection.swift */ = {isa = PBXFileReference; lastKnownFileType = sourcecode.swift; path = Func_void_DocumentDetection.swift; sourceTree = "<group>"; };
		FA300001300000000000BB11 /* Point.hpp */ = {isa = PBXFileReference; lastKnownFileType = sourcecode.cpp.h; path = Point.hpp; sourceTree = "<group>"; };
		FA300001300000000000BB12 /* Corners.hpp */ = {isa = PBXFileReference; lastKnownFileType = sourcecode.cpp.h; path = Corners.hpp; sourceTree = "<group>"; };
		FA300001300000000000BB13 /* DocumentDetection.hpp */ = {isa = PBXFileReference; lastKnownFileType = sourcecode.cpp.h; path = DocumentDetection.hpp; sourceTree = "<group>"; };
		FA300001300000000000BB14 /* JPoint.hpp */ = {isa = PBXFileReference; lastKnownFileType = sourcecode.cpp.h; path = JPoint.hpp; sourceTree = "<group>"; };
		FA300001300000000000BB15 /* JCorners.hpp */ = {isa = PBXFileReference; lastKnownFileType = sourcecode.cpp.h; path = JCorners.hpp; sourceTree = "<group>"; };
		FA300001300000000000BB16 /* JDocumentDetection.hpp */ = {isa = PBXFileReference; lastKnownFileType = sourcecode.cpp.h; path = JDocumentDetection.hpp; sourceTree = "<group>"; };
		FA300001300000000000BB17 /* JFunc_void_DocumentDetection.hpp */ = {isa = PBXFileReference; lastKnownFileType = sourcecode.cpp.h; path = JFunc_void_DocumentDetection.hpp; sourceTree = "<group>"; };
		FA400001400000000000BB01 /* BarcodeScanner.swift */ = {isa = PBXFileReference; lastKnownFileType = sourcecode.swift; path = BarcodeScanner.swift; sourceTree = "<group>"; };
		FA400001400000000000BB02 /* BarcodeFormat.swift */ = {isa = PBXFileReference; lastKnownFileType = sourcecode.swift; path = BarcodeFormat.swift; sourceTree = "<group>"; };
		FA400001400000000000BB03 /* BarcodeResult.swift */ = {isa = PBXFileReference; lastKnownFileType = sourcecode.swift; path = BarcodeResult.swift; sourceTree = "<group>"; };
		FA400001400000000000BB04 /* BarcodeScanOptions.swift */ = {isa = PBXFileReference; lastKnownFileType = sourcecode.swift; path = BarcodeScanOptions.swift; sourceTree = "<group>"; };
		FA400001400000000000BB05 /* FrameRect.swift */ = {isa = PBXFileReference; lastKnownFileType = sourcecode.swift; path = FrameRect.swift; sourceTree = "<group>"; };
		FA400001400000000000BB06 /* Func_void_std__vector_BarcodeResult_.swift */ = {isa = PBXFileReference; lastKnownFileType = sourcecode.swift; path = Func_void_std__vector_BarcodeResult_.swift; sourceTree = "<group>"; };
		FA400001400000000000BB07 /* Func_void_std__vector_CapturedImage_.swift */ = {isa = PBXFileReference; lastKnownFileType = sourcecode.swift; path = Func_void_std__vector_CapturedImage_.swift; sourceTree = "<group>"; };
		FA400001400000000000BB08 /* BarcodeFormat.hpp */ = {isa = PBXFileReference; lastKnownFileType = sourcecode.cpp.h; path = BarcodeFormat.hpp; sourceTree = "<group>"; };
		FA400001400000000000BB09 /* BarcodeResult.hpp */ = {isa = PBXFileReference; lastKnownFileType = sourcecode.cpp.h; path = BarcodeResult.hpp; sourceTree = "<group>"; };
		FA400001400000000000BB10 /* BarcodeScanOptions.hpp */ = {isa = PBXFileReference; lastKnownFileType = sourcecode.cpp.h; path = BarcodeScanOptions.hpp; sourceTree = "<group>"; };
		FA400001400000000000BB11 /* FrameRect.hpp */ = {isa = PBXFileReference; lastKnownFileType = sourcecode.cpp.h; path = FrameRect.hpp; sourceTree = "<group>"; };
		FA400001400000000000BB12 /* JBarcodeFormat.hpp */ = {isa = PBXFileReference; lastKnownFileType = sourcecode.cpp.h; path = JBarcodeFormat.hpp; sourceTree = "<group>"; };
		FA400001400000000000BB13 /* JBarcodeResult.hpp */ = {isa = PBXFileReference; lastKnownFileType = sourcecode.cpp.h; path = JBarcodeResult.hpp; sourceTree = "<group>"; };
		FA400001400000000000BB14 /* JBarcodeScanOptions.hpp */ = {isa = PBXFileReference; lastKnownFileType = sourcecode.cpp.h; path = JBarcodeScanOptions.hpp; sourceTree = "<group>"; };
		FA400001400000000000BB15 /* JFrameRect.hpp */ = {isa = PBXFileReference; lastKnownFileType = sourcecode.cpp.h; path = JFrameRect.hpp; sourceTree = "<group>"; };
		FA400001400000000000BB16 /* JFunc_void_std__vector_BarcodeResult_.hpp */ = {isa = PBXFileReference; lastKnownFileType = sourcecode.cpp.h; path = JFunc_void_std__vector_BarcodeResult_.hpp; sourceTree = "<group>"; };
		FA400001400000000000BB17 /* BarcodeFormat.kt */ = {isa = PBXFileReference; lastKnownFileType = text; path = BarcodeFormat.kt; sourceTree = "<group>"; };
		FA400001400000000000BB18 /* BarcodeResult.kt */ = {isa = PBXFileReference; lastKnownFileType = text; path = BarcodeResult.kt; sourceTree = "<group>"; };
		FA400001400000000000BB19 /* BarcodeScanOptions.kt */ = {isa = PBXFileReference; lastKnownFileType = text; path = BarcodeScanOptions.kt; sourceTree = "<group>"; };
		FA400001400000000000BB20 /* FrameRect.kt */ = {isa = PBXFileReference; lastKnownFileType = text; path = FrameRect.kt; sourceTree = "<group>"; };
		FA400001400000000000BB21 /* Func_void_std__vector_BarcodeResult_.kt */ = {isa = PBXFileReference; lastKnownFileType = text; path = Func_void_std__vector_BarcodeResult_.kt; sourceTree = "<group>"; };
		FA500001500000000000BB01 /* OcrProcessor.swift */ = {isa = PBXFileReference; lastKnownFileType = sourcecode.swift; path = OcrProcessor.swift; sourceTree = "<group>"; };
		FA500001500000000000BB02 /* OcrResult.swift */ = {isa = PBXFileReference; lastKnownFileType = sourcecode.swift; path = OcrResult.swift; sourceTree = "<group>"; };
		FA500001500000000000BB03 /* TextBlock.swift */ = {isa = PBXFileReference; lastKnownFileType = sourcecode.swift; path = TextBlock.swift; sourceTree = "<group>"; };
		FA500001500000000000BB04 /* TextLine.swift */ = {isa = PBXFileReference; lastKnownFileType = sourcecode.swift; path = TextLine.swift; sourceTree = "<group>"; };
		FA500001500000000000BB05 /* TextElement.swift */ = {isa = PBXFileReference; lastKnownFileType = sourcecode.swift; path = TextElement.swift; sourceTree = "<group>"; };
		FA500001500000000000BB06 /* Func_void_OcrResult.swift */ = {isa = PBXFileReference; lastKnownFileType = sourcecode.swift; path = Func_void_OcrResult.swift; sourceTree = "<group>"; };
		FA500001500000000000CC01 /* OcrResult.hpp */ = {isa = PBXFileReference; lastKnownFileType = sourcecode.cpp.h; path = OcrResult.hpp; sourceTree = "<group>"; };
		FA500001500000000000CC02 /* TextBlock.hpp */ = {isa = PBXFileReference; lastKnownFileType = sourcecode.cpp.h; path = TextBlock.hpp; sourceTree = "<group>"; };
		FA500001500000000000CC03 /* TextElement.hpp */ = {isa = PBXFileReference; lastKnownFileType = sourcecode.cpp.h; path = TextElement.hpp; sourceTree = "<group>"; };
		FA500001500000000000CC04 /* TextLine.hpp */ = {isa = PBXFileReference; lastKnownFileType = sourcecode.cpp.h; path = TextLine.hpp; sourceTree = "<group>"; };
		FA500001500000000000CC05 /* JOcrResult.hpp */ = {isa = PBXFileReference; lastKnownFileType = sourcecode.cpp.h; path = JOcrResult.hpp; sourceTree = "<group>"; };
		FA500001500000000000CC06 /* JTextBlock.hpp */ = {isa = PBXFileReference; lastKnownFileType = sourcecode.cpp.h; path = JTextBlock.hpp; sourceTree = "<group>"; };
		FA500001500000000000CC07 /* JTextElement.hpp */ = {isa = PBXFileReference; lastKnownFileType = sourcecode.cpp.h; path = JTextElement.hpp; sourceTree = "<group>"; };
		FA500001500000000000CC08 /* JTextLine.hpp */ = {isa = PBXFileReference; lastKnownFileType = sourcecode.cpp.h; path = JTextLine.hpp; sourceTree = "<group>"; };
		FA500001500000000000CC09 /* JFunc_void_OcrResult.hpp */ = {isa = PBXFileReference; lastKnownFileType = sourcecode.cpp.h; path = JFunc_void_OcrResult.hpp; sourceTree = "<group>"; };
		FA500001500000000000DD01 /* Func_void_OcrResult.kt */ = {isa = PBXFileReference; lastKnownFileType = text; path = Func_void_OcrResult.kt; sourceTree = "<group>"; };
		FA500001500000000000DD02 /* OcrResult.kt */ = {isa = PBXFileReference; lastKnownFileType = text; path = OcrResult.kt; sourceTree = "<group>"; };
		FA500001500000000000DD03 /* TextBlock.kt */ = {isa = PBXFileReference; lastKnownFileType = text; path = TextBlock.kt; sourceTree = "<group>"; };
		FA500001500000000000DD04 /* TextElement.kt */ = {isa = PBXFileReference; lastKnownFileType = text; path = TextElement.kt; sourceTree = "<group>"; };
		FA500001500000000000DD05 /* TextLine.kt */ = {isa = PBXFileReference; lastKnownFileType = text; path = TextLine.kt; sourceTree = "<group>"; };
		FA600001600000000000BB01 /* DocumentScannerManager.swift */ = {isa = PBXFileReference; lastKnownFileType = sourcecode.swift; path = DocumentScannerManager.swift; sourceTree = "<group>"; };
		FACDFBF72FBEF19000A271C5 /* JHybridPharmaScannerSpec.hpp */ = {isa = PBXFileReference; lastKnownFileType = sourcecode.cpp.h; path = JHybridPharmaScannerSpec.hpp; sourceTree = "<group>"; };
		FACDFBF82FBEF19000A271C5 /* JHybridPharmaScannerSpec.cpp */ = {isa = PBXFileReference; lastKnownFileType = sourcecode.cpp.cpp; path = JHybridPharmaScannerSpec.cpp; sourceTree = "<group>"; };
		FACDFBFA2FBEF19000A271C5 /* HybridPharmaScannerSpec.kt */ = {isa = PBXFileReference; lastKnownFileType = text; path = HybridPharmaScannerSpec.kt; sourceTree = "<group>"; };
		FACDFBFB2FBEF19000A271C5 /* PharmaScannerCxxOnLoad.kt */ = {isa = PBXFileReference; lastKnownFileType = text; path = PharmaScannerCxxOnLoad.kt; sourceTree = "<group>"; };
		FACDFC012FBEF19000A271C5 /* PharmaScannerCxx+autolinking.cmake */ = {isa = PBXFileReference; lastKnownFileType = text; path = "PharmaScannerCxx+autolinking.cmake"; sourceTree = "<group>"; };
		FACDFC022FBEF19000A271C5 /* PharmaScannerCxx+autolinking.gradle */ = {isa = PBXFileReference; lastKnownFileType = text; path = "PharmaScannerCxx+autolinking.gradle"; sourceTree = "<group>"; };
		FACDFC032FBEF19000A271C5 /* PharmaScannerCxxOnLoad.hpp */ = {isa = PBXFileReference; lastKnownFileType = sourcecode.cpp.h; path = PharmaScannerCxxOnLoad.hpp; sourceTree = "<group>"; };
		FACDFC042FBEF19000A271C5 /* PharmaScannerCxxOnLoad.cpp */ = {isa = PBXFileReference; lastKnownFileType = sourcecode.cpp.cpp; path = PharmaScannerCxxOnLoad.cpp; sourceTree = "<group>"; };
		FACDFC062FBEF19000A271C5 /* HybridPharmaScannerSpecSwift.hpp */ = {isa = PBXFileReference; lastKnownFileType = sourcecode.cpp.h; path = HybridPharmaScannerSpecSwift.hpp; sourceTree = "<group>"; };
		FACDFC072FBEF19000A271C5 /* HybridPharmaScannerSpecSwift.cpp */ = {isa = PBXFileReference; lastKnownFileType = sourcecode.cpp.cpp; path = HybridPharmaScannerSpecSwift.cpp; sourceTree = "<group>"; };
		FACDFC092FBEF19000A271C5 /* HybridPharmaScannerSpec.swift */ = {isa = PBXFileReference; lastKnownFileType = sourcecode.swift; path = HybridPharmaScannerSpec.swift; sourceTree = "<group>"; };
		FACDFC0A2FBEF19000A271C5 /* HybridPharmaScannerSpec_cxx.swift */ = {isa = PBXFileReference; lastKnownFileType = sourcecode.swift; path = HybridPharmaScannerSpec_cxx.swift; sourceTree = "<group>"; };
		FACDFC0C2FBEF19000A271C5 /* ReactNativePharmaScanner-Swift-Cxx-Bridge.hpp */ = {isa = PBXFileReference; lastKnownFileType = sourcecode.cpp.h; path = "ReactNativePharmaScanner-Swift-Cxx-Bridge.hpp"; sourceTree = "<group>"; };
		FACDFC0D2FBEF19000A271C5 /* ReactNativePharmaScanner-Swift-Cxx-Bridge.cpp */ = {isa = PBXFileReference; lastKnownFileType = sourcecode.cpp.cpp; path = "ReactNativePharmaScanner-Swift-Cxx-Bridge.cpp"; sourceTree = "<group>"; };
		FACDFC0E2FBEF19000A271C5 /* ReactNativePharmaScanner-Swift-Cxx-Umbrella.hpp */ = {isa = PBXFileReference; lastKnownFileType = sourcecode.cpp.h; path = "ReactNativePharmaScanner-Swift-Cxx-Umbrella.hpp"; sourceTree = "<group>"; };
		FACDFC0F2FBEF19000A271C5 /* ReactNativePharmaScanner+autolinking.rb */ = {isa = PBXFileReference; lastKnownFileType = text.script.ruby; path = "ReactNativePharmaScanner+autolinking.rb"; sourceTree = "<group>"; };
		FACDFC102FBEF19000A271C5 /* ReactNativePharmaScannerAutolinking.mm */ = {isa = PBXFileReference; lastKnownFileType = sourcecode.cpp.objcpp; path = ReactNativePharmaScannerAutolinking.mm; sourceTree = "<group>"; };
		FACDFC112FBEF19000A271C5 /* ReactNativePharmaScannerAutolinking.swift */ = {isa = PBXFileReference; lastKnownFileType = sourcecode.swift; path = ReactNativePharmaScannerAutolinking.swift; sourceTree = "<group>"; };
		FACDFC132FBEF19000A271C5 /* HybridPharmaScannerSpec.hpp */ = {isa = PBXFileReference; lastKnownFileType = sourcecode.cpp.h; path = HybridPharmaScannerSpec.hpp; sourceTree = "<group>"; };
		FACDFC142FBEF19000A271C5 /* HybridPharmaScannerSpec.cpp */ = {isa = PBXFileReference; lastKnownFileType = sourcecode.cpp.cpp; path = HybridPharmaScannerSpec.cpp; sourceTree = "<group>"; };
		FACDFC172FBEF19000A271C5 /* .gitattributes */ = {isa = PBXFileReference; lastKnownFileType = text; path = .gitattributes; sourceTree = "<group>"; };
		FACDFC292FBEF2F700A271C5 /* HybridPharmaScanner.swift */ = {isa = PBXFileReference; lastKnownFileType = sourcecode.swift; path = HybridPharmaScanner.swift; sourceTree = "<group>"; };
		FACDFC2B2FBF048300A271C5 /* CameraManager.swift */ = {isa = PBXFileReference; lastKnownFileType = sourcecode.swift; path = CameraManager.swift; sourceTree = "<group>"; };
		FACDFC2D2FBF048C00A271C5 /* PharmaScannerCameraView.swift */ = {isa = PBXFileReference; lastKnownFileType = sourcecode.swift; path = PharmaScannerCameraView.swift; sourceTree = "<group>"; };
		FACDFC2F2FBF049600A271C5 /* PharmaScannerCameraViewManager.m */ = {isa = PBXFileReference; lastKnownFileType = sourcecode.c.objc; path = PharmaScannerCameraViewManager.m; sourceTree = "<group>"; };
		FACDFC312FBF049A00A271C5 /* PharmaScannerCameraViewManager.swift */ = {isa = PBXFileReference; lastKnownFileType = sourcecode.swift; path = PharmaScannerCameraViewManager.swift; sourceTree = "<group>"; };
/* End PBXFileReference section */

/* Begin PBXFrameworksBuildPhase section */
		13B07F8C1A680F5B00A75B9A /* Frameworks */ = {
			isa = PBXFrameworksBuildPhase;
			buildActionMask = 2147483647;
			files = (
				0C80B921A6F3F58F76C31292 /* libPods-ReactNativePharmaScanner.a in Frameworks */,
				F4D3F845A0497DC036905F32 /* llama.xcframework in Frameworks */,
			);
			runOnlyForDeploymentPostprocessing = 0;
		};
/* End PBXFrameworksBuildPhase section */

/* Begin PBXGroup section */
		13B07FAE1A68108700A75B9A /* ReactNativePharmaScanner */ = {
			isa = PBXGroup;
			children = (
				FACDFC192FBEF19000A271C5 /* nitrogen */,
				13B07FB51A68108700A75B9A /* Images.xcassets */,
				761780EC2CA45674006654EE /* AppDelegate.swift */,
				13B07FB61A68108700A75B9A /* Info.plist */,
				81AB9BB72411601600AC10FF /* LaunchScreen.storyboard */,
				13B07FB81A68108700A75B9A /* PrivacyInfo.xcprivacy */,
				FACDFC292FBEF2F700A271C5 /* HybridPharmaScanner.swift */,
				FACDFC2B2FBF048300A271C5 /* CameraManager.swift */,
				FACDFC2D2FBF048C00A271C5 /* PharmaScannerCameraView.swift */,
				FACDFC2F2FBF049600A271C5 /* PharmaScannerCameraViewManager.m */,
				FACDFC312FBF049A00A271C5 /* PharmaScannerCameraViewManager.swift */,
				FA300001300000000000BB01 /* DocumentDetector.swift */,
				FA300001300000000000BB02 /* ImageProcessor.swift */,
				FA400001400000000000BB01 /* BarcodeScanner.swift */,
				FA500001500000000000BB01 /* OcrProcessor.swift */,
				FA600001600000000000BB01 /* DocumentScannerManager.swift */,
				73974AB6D34BEF6F688447FE /* DocumentExtractor.swift */,
				73974AB6D34BEF6F688447FF /* DocumentOcrProcessor.swift */,
				20636B26A9D77C0855547E2E /* LlamaCppManager.swift */,
			);
			name = ReactNativePharmaScanner;
			sourceTree = "<group>";
		};
		2D16E6871FA4F8E400B85C8A /* Frameworks */ = {
			isa = PBXGroup;
			children = (
				ED297162215061F000B7C4FE /* JavaScriptCore.framework */,
				5DCACB8F33CDC322A6C60F78 /* libPods-ReactNativePharmaScanner.a */,
			);
			name = Frameworks;
			sourceTree = "<group>";
		};
		832341AE1AAA6A7D00B99B32 /* Libraries */ = {
			isa = PBXGroup;
			children = (
			);
			name = Libraries;
			sourceTree = "<group>";
		};
		83CBB9F61A601CBA00E9B192 = {
			isa = PBXGroup;
			children = (
				13B07FAE1A68108700A75B9A /* ReactNativePharmaScanner */,
				832341AE1AAA6A7D00B99B32 /* Libraries */,
				83CBBA001A601CBA00E9B192 /* Products */,
				2D16E6871FA4F8E400B85C8A /* Frameworks */,
				BBD78D7AC51CEA395F1C20DB /* Pods */,
				7AD78BD8C712D41EC7128809 /* llama.xcframework */,
			);
			indentWidth = 2;
			sourceTree = "<group>";
			tabWidth = 2;
			usesTabs = 0;
		};
		83CBBA001A601CBA00E9B192 /* Products */ = {
			isa = PBXGroup;
			children = (
				13B07F961A680F5B00A75B9A /* ReactNativePharmaScanner.app */,
			);
			name = Products;
			sourceTree = "<group>";
		};
		BBD78D7AC51CEA395F1C20DB /* Pods */ = {
			isa = PBXGroup;
			children = (
				3B4392A12AC88292D35C810B /* Pods-ReactNativePharmaScanner.debug.xcconfig */,
				5709B34CF0A7D63546082F79 /* Pods-ReactNativePharmaScanner.release.xcconfig */,
			);
			path = Pods;
			sourceTree = "<group>";
		};
		FACDFBF92FBEF19000A271C5 /* c++ */ = {
			isa = PBXGroup;
			children = (
				FA400001400000000000BB12 /* JBarcodeFormat.hpp */,
				FA400001400000000000BB13 /* JBarcodeResult.hpp */,
				FA400001400000000000BB14 /* JBarcodeScanOptions.hpp */,
				FA000001200000000000BB07 /* JCapturedImage.hpp */,
				FA300001300000000000BB15 /* JCorners.hpp */,
				FA300001300000000000BB16 /* JDocumentDetection.hpp */,
				FA000001200000000000BB08 /* JFlashMode.hpp */,
				FA400001400000000000BB15 /* JFrameRect.hpp */,
				FA300001300000000000BB17 /* JFunc_void_DocumentDetection.hpp */,
				FA400001400000000000BB16 /* JFunc_void_std__vector_BarcodeResult_.hpp */,
				FA500001500000000000CC09 /* JFunc_void_OcrResult.hpp */,
				FACDFBF72FBEF19000A271C5 /* JHybridPharmaScannerSpec.hpp */,
				FACDFBF82FBEF19000A271C5 /* JHybridPharmaScannerSpec.cpp */,
				FA500001500000000000CC05 /* JOcrResult.hpp */,
				FA300001300000000000BB14 /* JPoint.hpp */,
				FA500001500000000000CC06 /* JTextBlock.hpp */,
				FA500001500000000000CC07 /* JTextElement.hpp */,
				FA500001500000000000CC08 /* JTextLine.hpp */,
			);
			path = "c++";
			sourceTree = "<group>";
		};
		FACDFBFC2FBEF19000A271C5 /* PharmaScanner */ = {
			isa = PBXGroup;
			children = (
				FA400001400000000000BB17 /* BarcodeFormat.kt */,
				FA400001400000000000BB18 /* BarcodeResult.kt */,
				FA400001400000000000BB19 /* BarcodeScanOptions.kt */,
				FA000001200000000000BB09 /* CapturedImage.kt */,
				FA000001200000000000BB10 /* FlashMode.kt */,
				FA400001400000000000BB20 /* FrameRect.kt */,
				FA400001400000000000BB21 /* Func_void_std__vector_BarcodeResult_.kt */,
				FA500001500000000000DD01 /* Func_void_OcrResult.kt */,
				FACDFBFA2FBEF19000A271C5 /* HybridPharmaScannerSpec.kt */,
				FA500001500000000000DD02 /* OcrResult.kt */,
				FACDFBFB2FBEF19000A271C5 /* PharmaScannerCxxOnLoad.kt */,
				FA500001500000000000DD03 /* TextBlock.kt */,
				FA500001500000000000DD04 /* TextElement.kt */,
				FA500001500000000000DD05 /* TextLine.kt */,
			);
			path = PharmaScanner;
			sourceTree = "<group>";
		};
		FACDFBFD2FBEF19000A271C5 /* nitro */ = {
			isa = PBXGroup;
			children = (
				FACDFBFC2FBEF19000A271C5 /* PharmaScanner */,
			);
			path = nitro;
			sourceTree = "<group>";
		};
		FACDFBFE2FBEF19000A271C5 /* margelo */ = {
			isa = PBXGroup;
			children = (
				FACDFBFD2FBEF19000A271C5 /* nitro */,
			);
			path = margelo;
			sourceTree = "<group>";
		};
		FACDFBFF2FBEF19000A271C5 /* com */ = {
			isa = PBXGroup;
			children = (
				FACDFBFE2FBEF19000A271C5 /* margelo */,
			);
			path = com;
			sourceTree = "<group>";
		};
		FACDFC002FBEF19000A271C5 /* kotlin */ = {
			isa = PBXGroup;
			children = (
				FACDFBFF2FBEF19000A271C5 /* com */,
			);
			path = kotlin;
			sourceTree = "<group>";
		};
		FACDFC052FBEF19000A271C5 /* android */ = {
			isa = PBXGroup;
			children = (
				FACDFBF92FBEF19000A271C5 /* c++ */,
				FACDFC002FBEF19000A271C5 /* kotlin */,
				FACDFC012FBEF19000A271C5 /* PharmaScannerCxx+autolinking.cmake */,
				FACDFC022FBEF19000A271C5 /* PharmaScannerCxx+autolinking.gradle */,
				FACDFC032FBEF19000A271C5 /* PharmaScannerCxxOnLoad.hpp */,
				FACDFC042FBEF19000A271C5 /* PharmaScannerCxxOnLoad.cpp */,
			);
			path = android;
			sourceTree = "<group>";
		};
		FACDFC082FBEF19000A271C5 /* c++ */ = {
			isa = PBXGroup;
			children = (
				FACDFC062FBEF19000A271C5 /* HybridPharmaScannerSpecSwift.hpp */,
				FACDFC072FBEF19000A271C5 /* HybridPharmaScannerSpecSwift.cpp */,
			);
			path = "c++";
			sourceTree = "<group>";
		};
		FACDFC0B2FBEF19000A271C5 /* swift */ = {
			isa = PBXGroup;
			children = (
				FA400001400000000000BB02 /* BarcodeFormat.swift */,
				FA400001400000000000BB03 /* BarcodeResult.swift */,
				FA400001400000000000BB04 /* BarcodeScanOptions.swift */,
				FA000001200000000000BB01 /* CapturedImage.swift */,
				FA300001300000000000BB04 /* Corners.swift */,
				FA300001300000000000BB05 /* DocumentDetection.swift */,
				FA000001200000000000BB02 /* FlashMode.swift */,
				FA400001400000000000BB05 /* FrameRect.swift */,
				FA000001200000000000BB03 /* Func_void_CapturedImage.swift */,
				FA300001300000000000BB06 /* Func_void_DocumentDetection.swift */,
				FA400001400000000000BB06 /* Func_void_std__vector_BarcodeResult_.swift */,
				FA400001400000000000BB07 /* Func_void_std__vector_CapturedImage_.swift */,
				FA000001200000000000BB04 /* Func_void_std__exception_ptr.swift */,
				FA500001500000000000BB06 /* Func_void_OcrResult.swift */,
				FACDFC092FBEF19000A271C5 /* HybridPharmaScannerSpec.swift */,
				FACDFC0A2FBEF19000A271C5 /* HybridPharmaScannerSpec_cxx.swift */,
				FA500001500000000000BB02 /* OcrResult.swift */,
				FA300001300000000000BB03 /* Point.swift */,
				FA500001500000000000BB03 /* TextBlock.swift */,
				FA500001500000000000BB05 /* TextElement.swift */,
				FA500001500000000000BB04 /* TextLine.swift */,
				707302FAD77FFB83376B730C /* ExtractionOptions.swift */,
				86DEBCA17B7BFC8E1094DFE7 /* DocumentExtractionResult.swift */,
				D8A716E113414FA5DEA3CC16 /* Func_void_DocumentExtractionResult.swift */,
			);
			path = swift;
			sourceTree = "<group>";
		};
		FACDFC122FBEF19000A271C5 /* ios */ = {
			isa = PBXGroup;
			children = (
				FACDFC082FBEF19000A271C5 /* c++ */,
				FACDFC0B2FBEF19000A271C5 /* swift */,
				FACDFC0C2FBEF19000A271C5 /* ReactNativePharmaScanner-Swift-Cxx-Bridge.hpp */,
				FACDFC0D2FBEF19000A271C5 /* ReactNativePharmaScanner-Swift-Cxx-Bridge.cpp */,
				FACDFC0E2FBEF19000A271C5 /* ReactNativePharmaScanner-Swift-Cxx-Umbrella.hpp */,
				FACDFC0F2FBEF19000A271C5 /* ReactNativePharmaScanner+autolinking.rb */,
				FACDFC102FBEF19000A271C5 /* ReactNativePharmaScannerAutolinking.mm */,
				FACDFC112FBEF19000A271C5 /* ReactNativePharmaScannerAutolinking.swift */,
			);
			path = ios;
			sourceTree = "<group>";
		};
		FACDFC152FBEF19000A271C5 /* c++ */ = {
			isa = PBXGroup;
			children = (
				FA400001400000000000BB08 /* BarcodeFormat.hpp */,
				FA400001400000000000BB09 /* BarcodeResult.hpp */,
				FA400001400000000000BB10 /* BarcodeScanOptions.hpp */,
				FA000001200000000000BB05 /* CapturedImage.hpp */,
				FA300001300000000000BB12 /* Corners.hpp */,
				FA300001300000000000BB13 /* DocumentDetection.hpp */,
				FA000001200000000000BB06 /* FlashMode.hpp */,
				FA400001400000000000BB11 /* FrameRect.hpp */,
				FACDFC132FBEF19000A271C5 /* HybridPharmaScannerSpec.hpp */,
				FACDFC142FBEF19000A271C5 /* HybridPharmaScannerSpec.cpp */,
				FA500001500000000000CC01 /* OcrResult.hpp */,
				FA300001300000000000BB11 /* Point.hpp */,
				FA500001500000000000CC02 /* TextBlock.hpp */,
				FA500001500000000000CC03 /* TextElement.hpp */,
				FA500001500000000000CC04 /* TextLine.hpp */,
			);
			path = "c++";
			sourceTree = "<group>";
		};
		FACDFC162FBEF19000A271C5 /* shared */ = {
			isa = PBXGroup;
			children = (
				FACDFC152FBEF19000A271C5 /* c++ */,
			);
			path = shared;
			sourceTree = "<group>";
		};
		FACDFC182FBEF19000A271C5 /* generated */ = {
			isa = PBXGroup;
			children = (
				FACDFC052FBEF19000A271C5 /* android */,
				FACDFC122FBEF19000A271C5 /* ios */,
				FACDFC162FBEF19000A271C5 /* shared */,
				FACDFC172FBEF19000A271C5 /* .gitattributes */,
			);
			path = generated;
			sourceTree = "<group>";
		};
		FACDFC192FBEF19000A271C5 /* nitrogen */ = {
			isa = PBXGroup;
			children = (
				FACDFC182FBEF19000A271C5 /* generated */,
			);
			path = nitrogen;
			sourceTree = "<group>";
		};
/* End PBXGroup section */

/* Begin PBXNativeTarget section */
		13B07F861A680F5B00A75B9A /* ReactNativePharmaScanner */ = {
			isa = PBXNativeTarget;
			buildConfigurationList = 13B07F931A680F5B00A75B9A /* Build configuration list for PBXNativeTarget "ReactNativePharmaScanner" */;
			buildPhases = (
				C38B50BA6285516D6DCD4F65 /* [CP] Check Pods Manifest.lock */,
				13B07F871A680F5B00A75B9A /* Sources */,
				13B07F8C1A680F5B00A75B9A /* Frameworks */,
				13B07F8E1A680F5B00A75B9A /* Resources */,
				00DD1BFF1BD5951E006B06BC /* Bundle React Native code and images */,
				00EEFC60759A1932668264C0 /* [CP] Embed Pods Frameworks */,
				E235C05ADACE081382539298 /* [CP] Copy Pods Resources */,
				F2E5F79FEE6484AABE85DA8F /* Embed Frameworks */,
			);
			buildRules = (
			);
			dependencies = (
			);
			name = ReactNativePharmaScanner;
			productName = ReactNativePharmaScanner;
			productReference = 13B07F961A680F5B00A75B9A /* ReactNativePharmaScanner.app */;
			productType = "com.apple.product-type.application";
		};
/* End PBXNativeTarget section */

/* Begin PBXProject section */
		83CBB9F71A601CBA00E9B192 /* Project object */ = {
			isa = PBXProject;
			attributes = {
				LastUpgradeCheck = 1210;
				TargetAttributes = {
					13B07F861A680F5B00A75B9A = {
						LastSwiftMigration = 1120;
					};
				};
			};
			buildConfigurationList = 83CBB9FA1A601CBA00E9B192 /* Build configuration list for PBXProject "ReactNativePharmaScanner" */;
			compatibilityVersion = "Xcode 12.0";
			developmentRegion = en;
			hasScannedForEncodings = 0;
			knownRegions = (
				en,
				Base,
			);
			mainGroup = 83CBB9F61A601CBA00E9B192;
			productRefGroup = 83CBBA001A601CBA00E9B192 /* Products */;
			projectDirPath = "";
			projectRoot = "";
			targets = (
				13B07F861A680F5B00A75B9A /* ReactNativePharmaScanner */,
			);
		};
/* End PBXProject section */

/* Begin PBXResourcesBuildPhase section */
		13B07F8E1A680F5B00A75B9A /* Resources */ = {
			isa = PBXResourcesBuildPhase;
			buildActionMask = 2147483647;
			files = (
				81AB9BB82411601600AC10FF /* LaunchScreen.storyboard in Resources */,
				13B07FBF1A68108700A75B9A /* Images.xcassets in Resources */,
				FACDFC1A2FBEF19000A271C5 /* .gitattributes in Resources */,
				FACDFC1B2FBEF19000A271C5 /* PharmaScannerCxxOnLoad.kt in Resources */,
				FACDFC1C2FBEF19000A271C5 /* ReactNativePharmaScanner+autolinking.rb in Resources */,
				FACDFC1D2FBEF19000A271C5 /* PharmaScannerCxx+autolinking.cmake in Resources */,
				FACDFC1E2FBEF19000A271C5 /* PharmaScannerCxx+autolinking.gradle in Resources */,
				FACDFC1F2FBEF19000A271C5 /* HybridPharmaScannerSpec.kt in Resources */,
				FA000001200000000000AA09 /* CapturedImage.kt in Resources */,
				FA000001200000000000AA10 /* FlashMode.kt in Resources */,
				837FA17898A26C51EF4E61BA /* PrivacyInfo.xcprivacy in Resources */,
			);
			runOnlyForDeploymentPostprocessing = 0;
		};
/* End PBXResourcesBuildPhase section */

/* Begin PBXShellScriptBuildPhase section */
		00DD1BFF1BD5951E006B06BC /* Bundle React Native code and images */ = {
			isa = PBXShellScriptBuildPhase;
			buildActionMask = 2147483647;
			files = (
			);
			inputPaths = (
				"$(SRCROOT)/.xcode.env.local",
				"$(SRCROOT)/.xcode.env",
			);
			name = "Bundle React Native code and images";
			outputPaths = (
			);
			runOnlyForDeploymentPostprocessing = 0;
			shellPath = /bin/sh;
			shellScript = "set -e\n\nWITH_ENVIRONMENT=\"$REACT_NATIVE_PATH/scripts/xcode/with-environment.sh\"\nREACT_NATIVE_XCODE=\"$REACT_NATIVE_PATH/scripts/react-native-xcode.sh\"\n\n/bin/sh -c \"\\\"$WITH_ENVIRONMENT\\\" \\\"$REACT_NATIVE_XCODE\\\"\"\n";
		};
		00EEFC60759A1932668264C0 /* [CP] Embed Pods Frameworks */ = {
			isa = PBXShellScriptBuildPhase;
			buildActionMask = 2147483647;
			files = (
			);
			inputFileListPaths = (
				"${PODS_ROOT}/Target Support Files/Pods-ReactNativePharmaScanner/Pods-ReactNativePharmaScanner-frameworks-${CONFIGURATION}-input-files.xcfilelist",
			);
			name = "[CP] Embed Pods Frameworks";
			outputFileListPaths = (
				"${PODS_ROOT}/Target Support Files/Pods-ReactNativePharmaScanner/Pods-ReactNativePharmaScanner-frameworks-${CONFIGURATION}-output-files.xcfilelist",
			);
			runOnlyForDeploymentPostprocessing = 0;
			shellPath = /bin/sh;
			shellScript = "\"${PODS_ROOT}/Target Support Files/Pods-ReactNativePharmaScanner/Pods-ReactNativePharmaScanner-frameworks.sh\"\n";
			showEnvVarsInLog = 0;
		};
		C38B50BA6285516D6DCD4F65 /* [CP] Check Pods Manifest.lock */ = {
			isa = PBXShellScriptBuildPhase;
			buildActionMask = 2147483647;
			files = (
			);
			inputFileListPaths = (
			);
			inputPaths = (
				"${PODS_PODFILE_DIR_PATH}/Podfile.lock",
				"${PODS_ROOT}/Manifest.lock",
			);
			name = "[CP] Check Pods Manifest.lock";
			outputFileListPaths = (
			);
			outputPaths = (
				"$(DERIVED_FILE_DIR)/Pods-ReactNativePharmaScanner-checkManifestLockResult.txt",
			);
			runOnlyForDeploymentPostprocessing = 0;
			shellPath = /bin/sh;
			shellScript = "diff \"${PODS_PODFILE_DIR_PATH}/Podfile.lock\" \"${PODS_ROOT}/Manifest.lock\" > /dev/null\nif [ $? != 0 ] ; then\n    # print error to STDERR\n    echo \"error: The sandbox is not in sync with the Podfile.lock. Run 'pod install' or update your CocoaPods installation.\" >&2\n    exit 1\nfi\n# This output is used by Xcode 'outputs' to avoid re-running this script phase.\necho \"SUCCESS\" > \"${SCRIPT_OUTPUT_FILE_0}\"\n";
			showEnvVarsInLog = 0;
		};
		E235C05ADACE081382539298 /* [CP] Copy Pods Resources */ = {
			isa = PBXShellScriptBuildPhase;
			buildActionMask = 2147483647;
			files = (
			);
			inputFileListPaths = (
				"${PODS_ROOT}/Target Support Files/Pods-ReactNativePharmaScanner/Pods-ReactNativePharmaScanner-resources-${CONFIGURATION}-input-files.xcfilelist",
			);
			name = "[CP] Copy Pods Resources";
			outputFileListPaths = (
				"${PODS_ROOT}/Target Support Files/Pods-ReactNativePharmaScanner/Pods-ReactNativePharmaScanner-resources-${CONFIGURATION}-output-files.xcfilelist",
			);
			runOnlyForDeploymentPostprocessing = 0;
			shellPath = /bin/sh;
			shellScript = "\"${PODS_ROOT}/Target Support Files/Pods-ReactNativePharmaScanner/Pods-ReactNativePharmaScanner-resources.sh\"\n";
			showEnvVarsInLog = 0;
		};
/* End PBXShellScriptBuildPhase section */

/* Begin PBXSourcesBuildPhase section */
		13B07F871A680F5B00A75B9A /* Sources */ = {
			isa = PBXSourcesBuildPhase;
			buildActionMask = 2147483647;
			files = (
				FACDFC202FBEF19000A271C5 /* HybridPharmaScannerSpec.cpp in Sources */,
				FACDFC212FBEF19000A271C5 /* ReactNativePharmaScannerAutolinking.swift in Sources */,
				FACDFC242FBEF19000A271C5 /* HybridPharmaScannerSpec_cxx.swift in Sources */,
				FACDFC252FBEF19000A271C5 /* ReactNativePharmaScannerAutolinking.mm in Sources */,
				FACDFC2C2FBF048300A271C5 /* CameraManager.swift in Sources */,
				FACDFC322FBF049A00A271C5 /* PharmaScannerCameraViewManager.swift in Sources */,
				FACDFC262FBEF19000A271C5 /* HybridPharmaScannerSpec.swift in Sources */,
				FACDFC302FBF049600A271C5 /* PharmaScannerCameraViewManager.m in Sources */,
				FACDFC2E2FBF048C00A271C5 /* PharmaScannerCameraView.swift in Sources */,
				FACDFC2A2FBEF2F700A271C5 /* HybridPharmaScanner.swift in Sources */,
				FACDFC272FBEF19000A271C5 /* ReactNativePharmaScanner-Swift-Cxx-Bridge.cpp in Sources */,
				FACDFC282FBEF19000A271C5 /* HybridPharmaScannerSpecSwift.cpp in Sources */,
				761780ED2CA45674006654EE /* AppDelegate.swift in Sources */,
				FA000001200000000000AA01 /* CapturedImage.swift in Sources */,
				FA000001200000000000AA02 /* FlashMode.swift in Sources */,
				FA000001200000000000AA03 /* Func_void_CapturedImage.swift in Sources */,
				FA000001200000000000AA04 /* Func_void_std__exception_ptr.swift in Sources */,
				FA300001300000000000AA01 /* DocumentDetector.swift in Sources */,
				FA300001300000000000AA02 /* ImageProcessor.swift in Sources */,
				FA300001300000000000AA03 /* Point.swift in Sources */,
				FA300001300000000000AA04 /* Corners.swift in Sources */,
				FA300001300000000000AA05 /* DocumentDetection.swift in Sources */,
				FA300001300000000000AA06 /* Func_void_DocumentDetection.swift in Sources */,
				FA400001400000000000AA01 /* BarcodeScanner.swift in Sources */,
				FA400001400000000000AA02 /* BarcodeFormat.swift in Sources */,
				FA400001400000000000AA03 /* BarcodeResult.swift in Sources */,
				FA400001400000000000AA04 /* BarcodeScanOptions.swift in Sources */,
				FA400001400000000000AA05 /* FrameRect.swift in Sources */,
				FA400001400000000000AA06 /* Func_void_std__vector_BarcodeResult_.swift in Sources */,
				FA400001400000000000AA07 /* Func_void_std__vector_CapturedImage_.swift in Sources */,
				FA500001500000000000AA01 /* OcrProcessor.swift in Sources */,
				FA500001500000000000AA02 /* OcrResult.swift in Sources */,
				FA500001500000000000AA03 /* TextBlock.swift in Sources */,
				FA500001500000000000AA04 /* TextLine.swift in Sources */,
				FA500001500000000000AA05 /* TextElement.swift in Sources */,
				FA500001500000000000AA06 /* Func_void_OcrResult.swift in Sources */,
				FA600001600000000000AA01 /* DocumentScannerManager.swift in Sources */,
				5BAD769388735C897E08C1E5 /* DocumentExtractor.swift in Sources */,
				5BAD769388735C897E08C1E6 /* DocumentOcrProcessor.swift in Sources */,
				5E47F938C0AF9B3C498B6449 /* ExtractionOptions.swift in Sources */,
				B4FA82798F0DAC1B3250398A /* DocumentExtractionResult.swift in Sources */,
				2656F9011B78705BCDB9C491 /* Func_void_DocumentExtractionResult.swift in Sources */,
				954C5B9873C069F358E8A7B8 /* LlamaCppManager.swift in Sources */,
			);
			runOnlyForDeploymentPostprocessing = 0;
		};
/* End PBXSourcesBuildPhase section */

/* Begin XCBuildConfiguration section */
		13B07F941A680F5B00A75B9A /* Debug */ = {
			isa = XCBuildConfiguration;
			baseConfigurationReference = 3B4392A12AC88292D35C810B /* Pods-ReactNativePharmaScanner.debug.xcconfig */;
			buildSettings = {
				ASSETCATALOG_COMPILER_APPICON_NAME = AppIcon;
				CLANG_ENABLE_MODULES = YES;
				CURRENT_PROJECT_VERSION = 1;
				DEFINES_MODULE = YES;
				DEVELOPMENT_TEAM = 2UD3WQS2VS;
				ENABLE_BITCODE = NO;
				FRAMEWORK_SEARCH_PATHS = (
					"$(inherited)",
					"$(PROJECT_DIR)",
				);
				HEADER_SEARCH_PATHS = (
					"$(inherited)",
					"\"${PODS_ROOT}/Headers/Public\"",
					"\"${PODS_ROOT}/Headers/Public/FBLazyVector\"",
					"\"${PODS_ROOT}/Headers/Public/NitroModules\"",
					"\"${PODS_ROOT}/Headers/Public/RCTDeprecation\"",
					"\"${PODS_ROOT}/Headers/Public/RCTRequired\"",
					"\"${PODS_ROOT}/Headers/Public/RCTSwiftUIWrapper\"",
					"\"${PODS_ROOT}/Headers/Public/RCTTypeSafety\"",
					"\"${PODS_ROOT}/Headers/Public/React-Core\"",
					"\"${PODS_ROOT}/Headers/Public/React-Core-prebuilt\"",
					"\"${PODS_ROOT}/Headers/Public/React-CoreModules\"",
					"\"${PODS_ROOT}/Headers/Public/React-Fabric\"",
					"\"${PODS_ROOT}/Headers/Public/React-FabricComponents\"",
					"\"${PODS_ROOT}/Headers/Public/React-FabricImage\"",
					"\"${PODS_ROOT}/Headers/Public/React-ImageManager\"",
					"\"${PODS_ROOT}/Headers/Public/React-Mapbuffer\"",
					"\"${PODS_ROOT}/Headers/Public/React-NativeModulesApple\"",
					"\"${PODS_ROOT}/Headers/Public/React-RCTAnimation\"",
					"\"${PODS_ROOT}/Headers/Public/React-RCTAppDelegate\"",
					"\"${PODS_ROOT}/Headers/Public/React-RCTBlob\"",
					"\"${PODS_ROOT}/Headers/Public/React-RCTFBReactNativeSpec\"",
					"\"${PODS_ROOT}/Headers/Public/React-RCTFabric\"",
					"\"${PODS_ROOT}/Headers/Public/React-RCTImage\"",
					"\"${PODS_ROOT}/Headers/Public/React-RCTRuntime\"",
					"\"${PODS_ROOT}/Headers/Public/React-RCTSettings\"",
					"\"${PODS_ROOT}/Headers/Public/React-RCTText\"",
					"\"${PODS_ROOT}/Headers/Public/React-RCTVibration\"",
					"\"${PODS_ROOT}/Headers/Public/React-RuntimeApple\"",
					"\"${PODS_ROOT}/Headers/Public/React-RuntimeCore\"",
					"\"${PODS_ROOT}/Headers/Public/React-RuntimeHermes\"",
					"\"${PODS_ROOT}/Headers/Public/React-callinvoker\"",
					"\"${PODS_ROOT}/Headers/Public/React-cxxreact\"",
					"\"${PODS_ROOT}/Headers/Public/React-debug\"",
					"\"${PODS_ROOT}/Headers/Public/React-defaultsnativemodule\"",
					"\"${PODS_ROOT}/Headers/Public/React-domnativemodule\"",
					"\"${PODS_ROOT}/Headers/Public/React-featureflags\"",
					"\"${PODS_ROOT}/Headers/Public/React-featureflagsnativemodule\"",
					"\"${PODS_ROOT}/Headers/Public/React-graphics\"",
					"\"${PODS_ROOT}/Headers/Public/React-hermes\"",
					"\"${PODS_ROOT}/Headers/Public/React-idlecallbacksnativemodule\"",
					"\"${PODS_ROOT}/Headers/Public/React-intersectionobservernativemodule\"",
					"\"${PODS_ROOT}/Headers/Public/React-jserrorhandler\"",
					"\"${PODS_ROOT}/Headers/Public/React-jsi\"",
					"\"${PODS_ROOT}/Headers/Public/React-jsiexecutor\"",
					"\"${PODS_ROOT}/Headers/Public/React-jsinspector\"",
					"\"${PODS_ROOT}/Headers/Public/React-jsinspectorcdp\"",
					"\"${PODS_ROOT}/Headers/Public/React-jsinspectornetwork\"",
					"\"${PODS_ROOT}/Headers/Public/React-jsinspectortracing\"",
					"\"${PODS_ROOT}/Headers/Public/React-jsitooling\"",
					"\"${PODS_ROOT}/Headers/Public/React-logger\"",
					"\"${PODS_ROOT}/Headers/Public/React-microtasksnativemodule\"",
					"\"${PODS_ROOT}/Headers/Public/React-mutationobservernativemodule\"",
					"\"${PODS_ROOT}/Headers/Public/React-networking\"",
					"\"${PODS_ROOT}/Headers/Public/React-oscompat\"",
					"\"${PODS_ROOT}/Headers/Public/React-perflogger\"",
					"\"${PODS_ROOT}/Headers/Public/React-performancecdpmetrics\"",
					"\"${PODS_ROOT}/Headers/Public/React-performancetimeline\"",
					"\"${PODS_ROOT}/Headers/Public/React-rendererconsistency\"",
					"\"${PODS_ROOT}/Headers/Public/React-renderercss\"",
					"\"${PODS_ROOT}/Headers/Public/React-rendererdebug\"",
					"\"${PODS_ROOT}/Headers/Public/React-runtimeexecutor\"",
					"\"${PODS_ROOT}/Headers/Public/React-runtimescheduler\"",
					"\"${PODS_ROOT}/Headers/Public/React-timing\"",
					"\"${PODS_ROOT}/Headers/Public/React-utils\"",
					"\"${PODS_ROOT}/Headers/Public/React-webperformancenativemodule\"",
					"\"${PODS_ROOT}/Headers/Public/ReactAppDependencyProvider\"",
					"\"${PODS_ROOT}/Headers/Public/ReactCodegen\"",
					"\"${PODS_ROOT}/Headers/Public/ReactCommon\"",
					"\"${PODS_ROOT}/Headers/Public/ReactNativeDependencies\"",
					"\"${PODS_ROOT}/Headers/Public/Yoga\"",
					"\"${PODS_ROOT}/Headers/Public/hermes-engine\"",
					"\"${PODS_ROOT}/Headers/Public/react-native-safe-area-context\"",
					"\"$(PODS_ROOT)/Headers/Private/React-Core\"",
					"\"$(PODS_ROOT)/Headers/Private/React-Core\"",
					"\"$(PODS_ROOT)/Headers/Private/Yoga\"",
					"$(SRCROOT)/nitrogen/generated/ios",
					"$(SRCROOT)/nitrogen/generated/shared/c++",
					"${PODS_ROOT}/Headers/Private/NitroModules",
				);
				INFOPLIST_FILE = ReactNativePharmaScanner/Info.plist;
				IPHONEOS_DEPLOYMENT_TARGET = 15.1;
				LD_RUNPATH_SEARCH_PATHS = (
					"$(inherited)",
					"@executable_path/Frameworks",
				);
				MARKETING_VERSION = 1.0;
				OTHER_LDFLAGS = (
					"$(inherited)",
					"-ObjC",
					"-lc++",
					"-framework",
					VisionKit,
				);
				PRODUCT_BUNDLE_IDENTIFIER = com.reactnativepharmascanner;
				PRODUCT_NAME = ReactNativePharmaScanner;
				SUPPORTED_PLATFORMS = "iphoneos iphonesimulator";
				SWIFT_INSTALL_OBJC_HEADER = NO;
				SWIFT_OBJC_BRIDGING_HEADER = ReactNativePharmaScanner/ReactNativePharmaScannerBridge.h;
				SWIFT_OBJC_INTEROP_MODE = objcxx;
				SWIFT_OPTIMIZATION_LEVEL = "-Onone";
				SWIFT_VERSION = 5.0;
				TARGETED_DEVICE_FAMILY = "1,2";
				VERSIONING_SYSTEM = "apple-generic";
			};
			name = Debug;
		};
		13B07F951A680F5B00A75B9A /* Release */ = {
			isa = XCBuildConfiguration;
			baseConfigurationReference = 5709B34CF0A7D63546082F79 /* Pods-ReactNativePharmaScanner.release.xcconfig */;
			buildSettings = {
				ASSETCATALOG_COMPILER_APPICON_NAME = AppIcon;
				CLANG_ENABLE_MODULES = YES;
				CURRENT_PROJECT_VERSION = 1;
				DEFINES_MODULE = YES;
				DEVELOPMENT_TEAM = 2UD3WQS2VS;
				FRAMEWORK_SEARCH_PATHS = (
					"$(inherited)",
					"$(PROJECT_DIR)",
				);
				HEADER_SEARCH_PATHS = (
					"$(inherited)",
					"\"${PODS_ROOT}/Headers/Public\"",
					"\"${PODS_ROOT}/Headers/Public/FBLazyVector\"",
					"\"${PODS_ROOT}/Headers/Public/NitroModules\"",
					"\"${PODS_ROOT}/Headers/Public/RCTDeprecation\"",
					"\"${PODS_ROOT}/Headers/Public/RCTRequired\"",
					"\"${PODS_ROOT}/Headers/Public/RCTSwiftUIWrapper\"",
					"\"${PODS_ROOT}/Headers/Public/RCTTypeSafety\"",
					"\"${PODS_ROOT}/Headers/Public/React-Core\"",
					"\"${PODS_ROOT}/Headers/Public/React-Core-prebuilt\"",
					"\"${PODS_ROOT}/Headers/Public/React-CoreModules\"",
					"\"${PODS_ROOT}/Headers/Public/React-Fabric\"",
					"\"${PODS_ROOT}/Headers/Public/React-FabricComponents\"",
					"\"${PODS_ROOT}/Headers/Public/React-FabricImage\"",
					"\"${PODS_ROOT}/Headers/Public/React-ImageManager\"",
					"\"${PODS_ROOT}/Headers/Public/React-Mapbuffer\"",
					"\"${PODS_ROOT}/Headers/Public/React-NativeModulesApple\"",
					"\"${PODS_ROOT}/Headers/Public/React-RCTAnimation\"",
					"\"${PODS_ROOT}/Headers/Public/React-RCTAppDelegate\"",
					"\"${PODS_ROOT}/Headers/Public/React-RCTBlob\"",
					"\"${PODS_ROOT}/Headers/Public/React-RCTFBReactNativeSpec\"",
					"\"${PODS_ROOT}/Headers/Public/React-RCTFabric\"",
					"\"${PODS_ROOT}/Headers/Public/React-RCTImage\"",
					"\"${PODS_ROOT}/Headers/Public/React-RCTRuntime\"",
					"\"${PODS_ROOT}/Headers/Public/React-RCTSettings\"",
					"\"${PODS_ROOT}/Headers/Public/React-RCTText\"",
					"\"${PODS_ROOT}/Headers/Public/React-RCTVibration\"",
					"\"${PODS_ROOT}/Headers/Public/React-RuntimeApple\"",
					"\"${PODS_ROOT}/Headers/Public/React-RuntimeCore\"",
					"\"${PODS_ROOT}/Headers/Public/React-RuntimeHermes\"",
					"\"${PODS_ROOT}/Headers/Public/React-callinvoker\"",
					"\"${PODS_ROOT}/Headers/Public/React-cxxreact\"",
					"\"${PODS_ROOT}/Headers/Public/React-debug\"",
					"\"${PODS_ROOT}/Headers/Public/React-defaultsnativemodule\"",
					"\"${PODS_ROOT}/Headers/Public/React-domnativemodule\"",
					"\"${PODS_ROOT}/Headers/Public/React-featureflags\"",
					"\"${PODS_ROOT}/Headers/Public/React-featureflagsnativemodule\"",
					"\"${PODS_ROOT}/Headers/Public/React-graphics\"",
					"\"${PODS_ROOT}/Headers/Public/React-hermes\"",
					"\"${PODS_ROOT}/Headers/Public/React-idlecallbacksnativemodule\"",
					"\"${PODS_ROOT}/Headers/Public/React-intersectionobservernativemodule\"",
					"\"${PODS_ROOT}/Headers/Public/React-jserrorhandler\"",
					"\"${PODS_ROOT}/Headers/Public/React-jsi\"",
					"\"${PODS_ROOT}/Headers/Public/React-jsiexecutor\"",
					"\"${PODS_ROOT}/Headers/Public/React-jsinspector\"",
					"\"${PODS_ROOT}/Headers/Public/React-jsinspectorcdp\"",
					"\"${PODS_ROOT}/Headers/Public/React-jsinspectornetwork\"",
					"\"${PODS_ROOT}/Headers/Public/React-jsinspectortracing\"",
					"\"${PODS_ROOT}/Headers/Public/React-jsitooling\"",
					"\"${PODS_ROOT}/Headers/Public/React-logger\"",
					"\"${PODS_ROOT}/Headers/Public/React-microtasksnativemodule\"",
					"\"${PODS_ROOT}/Headers/Public/React-mutationobservernativemodule\"",
					"\"${PODS_ROOT}/Headers/Public/React-networking\"",
					"\"${PODS_ROOT}/Headers/Public/React-oscompat\"",
					"\"${PODS_ROOT}/Headers/Public/React-perflogger\"",
					"\"${PODS_ROOT}/Headers/Public/React-performancecdpmetrics\"",
					"\"${PODS_ROOT}/Headers/Public/React-performancetimeline\"",
					"\"${PODS_ROOT}/Headers/Public/React-rendererconsistency\"",
					"\"${PODS_ROOT}/Headers/Public/React-renderercss\"",
					"\"${PODS_ROOT}/Headers/Public/React-rendererdebug\"",
					"\"${PODS_ROOT}/Headers/Public/React-runtimeexecutor\"",
					"\"${PODS_ROOT}/Headers/Public/React-runtimescheduler\"",
					"\"${PODS_ROOT}/Headers/Public/React-timing\"",
					"\"${PODS_ROOT}/Headers/Public/React-utils\"",
					"\"${PODS_ROOT}/Headers/Public/React-webperformancenativemodule\"",
					"\"${PODS_ROOT}/Headers/Public/ReactAppDependencyProvider\"",
					"\"${PODS_ROOT}/Headers/Public/ReactCodegen\"",
					"\"${PODS_ROOT}/Headers/Public/ReactCommon\"",
					"\"${PODS_ROOT}/Headers/Public/ReactNativeDependencies\"",
					"\"${PODS_ROOT}/Headers/Public/Yoga\"",
					"\"${PODS_ROOT}/Headers/Public/hermes-engine\"",
					"\"${PODS_ROOT}/Headers/Public/react-native-safe-area-context\"",
					"\"$(PODS_ROOT)/Headers/Private/React-Core\"",
					"\"$(PODS_ROOT)/Headers/Private/React-Core\"",
					"\"$(PODS_ROOT)/Headers/Private/Yoga\"",
					"$(SRCROOT)/nitrogen/generated/ios",
					"$(SRCROOT)/nitrogen/generated/shared/c++",
					"${PODS_ROOT}/Headers/Private/NitroModules",
				);
				INFOPLIST_FILE = ReactNativePharmaScanner/Info.plist;
				IPHONEOS_DEPLOYMENT_TARGET = 15.1;
				LD_RUNPATH_SEARCH_PATHS = (
					"$(inherited)",
					"@executable_path/Frameworks",
				);
				MARKETING_VERSION = 1.0;
				OTHER_LDFLAGS = (
					"$(inherited)",
					"-ObjC",
					"-lc++",
					"-framework",
					VisionKit,
				);
				PRODUCT_BUNDLE_IDENTIFIER = com.reactnativepharmascanner;
				PRODUCT_NAME = ReactNativePharmaScanner;
				SUPPORTED_PLATFORMS = "iphoneos iphonesimulator";
				SWIFT_INSTALL_OBJC_HEADER = NO;
				SWIFT_OBJC_BRIDGING_HEADER = ReactNativePharmaScanner/ReactNativePharmaScannerBridge.h;
				SWIFT_OBJC_INTEROP_MODE = objcxx;
				SWIFT_VERSION = 5.0;
				TARGETED_DEVICE_FAMILY = "1,2";
				VERSIONING_SYSTEM = "apple-generic";
			};
			name = Release;
		};
		83CBBA201A601CBA00E9B192 /* Debug */ = {
			isa = XCBuildConfiguration;
			buildSettings = {
				ALWAYS_SEARCH_USER_PATHS = NO;
				CLANG_ANALYZER_LOCALIZABILITY_NONLOCALIZED = YES;
				CLANG_CXX_LANGUAGE_STANDARD = "c++20";
				CLANG_CXX_LIBRARY = "libc++";
				CLANG_ENABLE_MODULES = YES;
				CLANG_ENABLE_OBJC_ARC = YES;
				CLANG_WARN_BLOCK_CAPTURE_AUTORELEASING = YES;
				CLANG_WARN_BOOL_CONVERSION = YES;
				CLANG_WARN_COMMA = YES;
				CLANG_WARN_CONSTANT_CONVERSION = YES;
				CLANG_WARN_DEPRECATED_OBJC_IMPLEMENTATIONS = YES;
				CLANG_WARN_DIRECT_OBJC_ISA_USAGE = YES_ERROR;
				CLANG_WARN_EMPTY_BODY = YES;
				CLANG_WARN_ENUM_CONVERSION = YES;
				CLANG_WARN_INFINITE_RECURSION = YES;
				CLANG_WARN_INT_CONVERSION = YES;
				CLANG_WARN_NON_LITERAL_NULL_CONVERSION = YES;
				CLANG_WARN_OBJC_IMPLICIT_RETAIN_SELF = YES;
				CLANG_WARN_OBJC_LITERAL_CONVERSION = YES;
				CLANG_WARN_OBJC_ROOT_CLASS = YES_ERROR;
				CLANG_WARN_QUOTED_INCLUDE_IN_FRAMEWORK_HEADER = YES;
				CLANG_WARN_RANGE_LOOP_ANALYSIS = YES;
				CLANG_WARN_STRICT_PROTOTYPES = YES;
				CLANG_WARN_SUSPICIOUS_MOVE = YES;
				CLANG_WARN_UNREACHABLE_CODE = YES;
				CLANG_WARN__DUPLICATE_METHOD_MATCH = YES;
				"CODE_SIGN_IDENTITY[sdk=iphoneos*]" = "iPhone Developer";
				COPY_PHASE_STRIP = NO;
				ENABLE_STRICT_OBJC_MSGSEND = YES;
				ENABLE_TESTABILITY = YES;
				"EXCLUDED_ARCHS[sdk=iphonesimulator*]" = "";
				GCC_C_LANGUAGE_STANDARD = gnu99;
				GCC_DYNAMIC_NO_PIC = NO;
				GCC_NO_COMMON_BLOCKS = YES;
				GCC_OPTIMIZATION_LEVEL = 0;
				GCC_PREPROCESSOR_DEFINITIONS = (
					"DEBUG=1",
					"$(inherited)",
				);
				GCC_SYMBOLS_PRIVATE_EXTERN = NO;
				GCC_WARN_64_TO_32_BIT_CONVERSION = YES;
				GCC_WARN_ABOUT_RETURN_TYPE = YES_ERROR;
				GCC_WARN_UNDECLARED_SELECTOR = YES;
				GCC_WARN_UNINITIALIZED_AUTOS = YES_AGGRESSIVE;
				GCC_WARN_UNUSED_FUNCTION = YES;
				GCC_WARN_UNUSED_VARIABLE = YES;
				IPHONEOS_DEPLOYMENT_TARGET = 15.1;
				LD_RUNPATH_SEARCH_PATHS = (
					/usr/lib/swift,
					"$(inherited)",
				);
				LIBRARY_SEARCH_PATHS = (
					"\"$(SDKROOT)/usr/lib/swift\"",
					"\"$(TOOLCHAIN_DIR)/usr/lib/swift/$(PLATFORM_NAME)\"",
					"\"$(inherited)\"",
				);
				MTL_ENABLE_DEBUG_INFO = YES;
				ONLY_ACTIVE_ARCH = YES;
				OTHER_CFLAGS = (
					"$(inherited)",
					"-DRCT_REMOVE_LEGACY_ARCH=1",
				);
				OTHER_CPLUSPLUSFLAGS = (
					"$(OTHER_CFLAGS)",
					"-DFOLLY_NO_CONFIG",
					"-DFOLLY_MOBILE=1",
					"-DFOLLY_USE_LIBCPP=1",
					"-DFOLLY_CFG_NO_COROUTINES=1",
					"-DFOLLY_HAVE_CLOCK_GETTIME=1",
					"-DRCT_REMOVE_LEGACY_ARCH=1",
				);
				REACT_NATIVE_PATH = "${PODS_ROOT}/../../node_modules/react-native";
				SDKROOT = iphoneos;
				SWIFT_ACTIVE_COMPILATION_CONDITIONS = "$(inherited) DEBUG";
				SWIFT_ENABLE_EXPLICIT_MODULES = NO;
				USE_HERMES = true;
			};
			name = Debug;
		};
		83CBBA211A601CBA00E9B192 /* Release */ = {
			isa = XCBuildConfiguration;
			buildSettings = {
				ALWAYS_SEARCH_USER_PATHS = NO;
				CLANG_ANALYZER_LOCALIZABILITY_NONLOCALIZED = YES;
				CLANG_CXX_LANGUAGE_STANDARD = "c++20";
				CLANG_CXX_LIBRARY = "libc++";
				CLANG_ENABLE_MODULES = YES;
				CLANG_ENABLE_OBJC_ARC = YES;
				CLANG_WARN_BLOCK_CAPTURE_AUTORELEASING = YES;
				CLANG_WARN_BOOL_CONVERSION = YES;
				CLANG_WARN_COMMA = YES;
				CLANG_WARN_CONSTANT_CONVERSION = YES;
				CLANG_WARN_DEPRECATED_OBJC_IMPLEMENTATIONS = YES;
				CLANG_WARN_DIRECT_OBJC_ISA_USAGE = YES_ERROR;
				CLANG_WARN_EMPTY_BODY = YES;
				CLANG_WARN_ENUM_CONVERSION = YES;
				CLANG_WARN_INFINITE_RECURSION = YES;
				CLANG_WARN_INT_CONVERSION = YES;
				CLANG_WARN_NON_LITERAL_NULL_CONVERSION = YES;
				CLANG_WARN_OBJC_IMPLICIT_RETAIN_SELF = YES;
				CLANG_WARN_OBJC_LITERAL_CONVERSION = YES;
				CLANG_WARN_OBJC_ROOT_CLASS = YES_ERROR;
				CLANG_WARN_QUOTED_INCLUDE_IN_FRAMEWORK_HEADER = YES;
				CLANG_WARN_RANGE_LOOP_ANALYSIS = YES;
				CLANG_WARN_STRICT_PROTOTYPES = YES;
				CLANG_WARN_SUSPICIOUS_MOVE = YES;
				CLANG_WARN_UNREACHABLE_CODE = YES;
				CLANG_WARN__DUPLICATE_METHOD_MATCH = YES;
				"CODE_SIGN_IDENTITY[sdk=iphoneos*]" = "iPhone Developer";
				COPY_PHASE_STRIP = YES;
				ENABLE_NS_ASSERTIONS = NO;
				ENABLE_STRICT_OBJC_MSGSEND = YES;
				"EXCLUDED_ARCHS[sdk=iphonesimulator*]" = "";
				GCC_C_LANGUAGE_STANDARD = gnu99;
				GCC_NO_COMMON_BLOCKS = YES;
				GCC_WARN_64_TO_32_BIT_CONVERSION = YES;
				GCC_WARN_ABOUT_RETURN_TYPE = YES_ERROR;
				GCC_WARN_UNDECLARED_SELECTOR = YES;
				GCC_WARN_UNINITIALIZED_AUTOS = YES_AGGRESSIVE;
				GCC_WARN_UNUSED_FUNCTION = YES;
				GCC_WARN_UNUSED_VARIABLE = YES;
				IPHONEOS_DEPLOYMENT_TARGET = 15.1;
				LD_RUNPATH_SEARCH_PATHS = (
					/usr/lib/swift,
					"$(inherited)",
				);
				LIBRARY_SEARCH_PATHS = (
					"\"$(SDKROOT)/usr/lib/swift\"",
					"\"$(TOOLCHAIN_DIR)/usr/lib/swift/$(PLATFORM_NAME)\"",
					"\"$(inherited)\"",
				);
				MTL_ENABLE_DEBUG_INFO = NO;
				OTHER_CFLAGS = (
					"$(inherited)",
					"-DRCT_REMOVE_LEGACY_ARCH=1",
				);
				OTHER_CPLUSPLUSFLAGS = (
					"$(OTHER_CFLAGS)",
					"-DFOLLY_NO_CONFIG",
					"-DFOLLY_MOBILE=1",
					"-DFOLLY_USE_LIBCPP=1",
					"-DFOLLY_CFG_NO_COROUTINES=1",
					"-DFOLLY_HAVE_CLOCK_GETTIME=1",
					"-DRCT_REMOVE_LEGACY_ARCH=1",
				);
				REACT_NATIVE_PATH = "${PODS_ROOT}/../../node_modules/react-native";
				SDKROOT = iphoneos;
				SWIFT_ENABLE_EXPLICIT_MODULES = NO;
				USE_HERMES = true;
				VALIDATE_PRODUCT = YES;
			};
			name = Release;
		};
/* End XCBuildConfiguration section */

/* Begin XCConfigurationList section */
		13B07F931A680F5B00A75B9A /* Build configuration list for PBXNativeTarget "ReactNativePharmaScanner" */ = {
			isa = XCConfigurationList;
			buildConfigurations = (
				13B07F941A680F5B00A75B9A /* Debug */,
				13B07F951A680F5B00A75B9A /* Release */,
			);
			defaultConfigurationIsVisible = 0;
			defaultConfigurationName = Release;
		};
		83CBB9FA1A601CBA00E9B192 /* Build configuration list for PBXProject "ReactNativePharmaScanner" */ = {
			isa = XCConfigurationList;
			buildConfigurations = (
				83CBBA201A601CBA00E9B192 /* Debug */,
				83CBBA211A601CBA00E9B192 /* Release */,
			);
			defaultConfigurationIsVisible = 0;
			defaultConfigurationName = Release;
		};
/* End XCConfigurationList section */
	};
	rootObject = 83CBB9F71A601CBA00E9B192 /* Project object */;
}
